
Microsoft Visual Studio Solution File, Format Version 12.00
# Visual Studio Version 17
VisualStudioVersion = 17.0.31919.166
MinimumVisualStudioVersion = 10.0.40219.1
Project("{2150E333-8FDC-42A3-9474-1A3956D46DE8}") = "src", "src", "{3F86CF3D-EC06-4751-AD54-AB657B722A7C}"
EndProject
Project("{2150E333-8FDC-42A3-9474-1A3956D46DE8}") = "API", "API", "{5AFE854E-60A0-47A8-A169-A39652631D23}"
EndProject
Project("{2150E333-8FDC-42A3-9474-1A3956D46DE8}") = "Core", "Core", "{31FF1797-BB9E-44BD-AF3F-DD5FF34125B6}"
EndProject
Project("{2150E333-8FDC-42A3-9474-1A3956D46DE8}") = "Infrastructure", "Infrastructure", "{6E3C09A9-9E10-4C40-B22C-D662D6504011}"
EndProject
Project("{2150E333-8FDC-42A3-9474-1A3956D46DE8}") = "UI", "UI", "{B2C4D739-7E66-4463-9647-8F0F1702D2CC}"
EndProject
Project("{2150E333-8FDC-42A3-9474-1A3956D46DE8}") = "tests", "tests", "{03BD1267-4E11-4BFD-B886-D8F807D8BE1D}"
EndProject
Project("{FAE04EC0-301F-11D3-BF4B-00C04F79EFBC}") = "GloboTicket.TikectManagement.Domain", "GloboTicket.TikectManagement.Domain\GloboTicket.TikectManagement.Domain.csproj", "{12C09DF0-09AC-4763-8250-49046DFDA4CD}"
EndProject
Global
	GlobalSection(SolutionConfigurationPlatforms) = preSolution
		Debug|Any CPU = Debug|Any CPU
		Release|Any CPU = Release|Any CPU
	EndGlobalSection
	GlobalSection(ProjectConfigurationPlatforms) = postSolution
		{12C09DF0-09AC-4763-8250-49046DFDA4CD}.Debug|Any CPU.ActiveCfg = Debug|Any CPU
		{12C09DF0-09AC-4763-8250-49046DFDA4CD}.Debug|Any CPU.Build.0 = Debug|Any CPU
		{12C09DF0-09AC-4763-8250-49046DFDA4CD}.Release|Any CPU.ActiveCfg = Release|Any CPU
		{12C09DF0-09AC-4763-8250-49046DFDA4CD}.Release|Any CPU.Build.0 = Release|Any CPU
	EndGlobalSection
	GlobalSection(SolutionProperties) = preSolution
		HideSolutionNode = FALSE
	EndGlobalSection
	GlobalSection(NestedProjects) = preSolution
		{5AFE854E-60A0-47A8-A169-A39652631D23} = {3F86CF3D-EC06-4751-AD54-AB657B722A7C}
		{31FF1797-BB9E-44BD-AF3F-DD5FF34125B6} = {3F86CF3D-EC06-4751-AD54-AB657B722A7C}
		{6E3C09A9-9E10-4C40-B22C-D662D6504011} = {3F86CF3D-EC06-4751-AD54-AB657B722A7C}
		{B2C4D739-7E66-4463-9647-8F0F1702D2CC} = {3F86CF3D-EC06-4751-AD54-AB657B722A7C}
		{12C09DF0-09AC-4763-8250-49046DFDA4CD} = {31FF1797-BB9E-44BD-AF3F-DD5FF34125B6}
	EndGlobalSection
	GlobalSection(ExtensibilityGlobals) = postSolution
		SolutionGuid = {9F27823B-8ED2-45C1-8D78-1548814EBDEC}
	EndGlobalSection
EndGlobal
